// !$*UTF8*$!
{
	archiveVersion = 1;
	classes = {
	};
	objectVersion = 46;
	objects = {

/* Begin PBXBuildFile section */
		DD42209C1D883BD0005157CE /* AppDelegate.swift in Sources */ = {isa = PBXBuildFile; fileRef = DD42209B1D883BD0005157CE /* AppDelegate.swift */; };
		DD42209E1D883BD0005157CE /* ViewController.swift in Sources */ = {isa = PBXBuildFile; fileRef = DD42209D1D883BD0005157CE /* ViewController.swift */; };
		DD4220A11D883BD0005157CE /* Main.storyboard in Resources */ = {isa = PBXBuildFile; fileRef = DD42209F1D883BD0005157CE /* Main.storyboard */; };
		DD4220A31D883BD0005157CE /* Assets.xcassets in Resources */ = {isa = PBXBuildFile; fileRef = DD4220A21D883BD0005157CE /* Assets.xcassets */; };
		DD4220A61D883BD0005157CE /* LaunchScreen.storyboard in Resources */ = {isa = PBXBuildFile; fileRef = DD4220A41D883BD0005157CE /* LaunchScreen.storyboard */; };
/* End PBXBuildFile section */

/* Begin PBXFileReference section */
		DD4220981D883BD0005157CE /* diceRollReview.app */ = {isa = PBXFileReference; explicitFileType = wrapper.application; includeInIndex = 0; path = diceRollReview.app; sourceTree = BUILT_PRODUCTS_DIR; };
		DD42209B1D883BD0005157CE /* AppDelegate.swift */ = {isa = PBXFileReference; lastKnownFileType = sourcecode.swift; path = AppDelegate.swift; sourceTree = "<group>"; };
		DD42209D1D883BD0005157CE /* ViewController.swift */ = {isa = PBXFileReference; lastKnownFileType = sourcecode.swift; path = ViewController.swift; sourceTree = "<group>"; };
		DD4220A01D883BD0005157CE /* Base */ = {isa = PBXFileReference; lastKnownFileType = file.storyboard; name = Base; path = Base.lproj/Main.storyboard; sourceTree = "<group>"; };
		DD4220A21D883BD0005157CE /* Assets.xcassets */ = {isa = PBXFileReference; lastKnownFileType = folder.assetcatalog; path = Assets.xcassets; sourceTree = "<group>"; };
		DD4220A51D883BD0005157CE /* Base */ = {isa = PBXFileReference; lastKnownFileType = file.storyboard; name = Base; path = Base.lproj/LaunchScreen.storyboard; sourceTree = "<group>"; };
		DD4220A71D883BD0005157CE /* Info.plist */ = {isa = PBXFileReference; lastKnownFileType = text.plist.xml; path = Info.plist; sourceTree = "<group>"; };
/* End PBXFileReference section */

/* Begin PBXFrameworksBuildPhase section */
		DD4220951D883BD0005157CE /* Frameworks */ = {
			isa = PBXFrameworksBuildPhase;
			buildActionMask = 2147483647;
			files = (
			);
			runOnlyForDeploymentPostprocessing = 0;
		};
/* End PBXFrameworksBuildPhase section */

/* Begin PBXGroup section */
		DD42208F1D883BD0005157CE = {
			isa = PBXGroup;
			children = (
				DD42209A1D883BD0005157CE /* diceRollReview */,
				DD4220991D883BD0005157CE /* Products */,
			);
			sourceTree = "<group>";
		};
		DD4220991D883BD0005157CE /* Products */ = {
			isa = PBXGroup;
			children = (
				DD4220981D883BD0005157CE /* diceRollReview.app */,
			);
			name = Products;
			sourceTree = "<group>";
		};
		DD42209A1D883BD0005157CE /* diceRollReview */ = {
			isa = PBXGroup;
			children = (
				DD42209B1D883BD0005157CE /* AppDelegate.swift */,
				DD42209D1D883BD0005157CE /* ViewController.swift */,
				DD42209F1D883BD0005157CE /* Main.storyboard */,
				DD4220A21D883BD0005157CE /* Assets.xcassets */,
				DD4220A41D883BD0005157CE /* LaunchScreen.storyboard */,
				DD4220A71D883BD0005157CE /* Info.plist */,
			);
			path = diceRollReview;
			sourceTree = "<group>";
		};
/* End PBXGroup section */

/* Begin PBXNativeTarget section */
		DD4220971D883BD0005157CE /* diceRollReview */ = {
			isa = PBXNativeTarget;
			buildConfigurationList = DD4220AA1D883BD0005157CE /* Build configuration list for PBXNativeTarget "diceRollReview" */;
			buildPhases = (
				DD4220941D883BD0005157CE /* Sources */,
				DD4220951D883BD0005157CE /* Frameworks */,
				DD4220961D883BD0005157CE /* Resources */,
			);
			buildRules = (
			);
			dependencies = (
			);
			name = diceRollReview;
			productName = diceRollReview;
			productReference = DD4220981D883BD0005157CE /* diceRollReview.app */;
			productType = "com.apple.product-type.application";
		};
/* End PBXNativeTarget section */

/* Begin PBXProject section */
		DD4220901D883BD0005157CE /* Project object */ = {
			isa = PBXProject;
			attributes = {
				LastSwiftUpdateCheck = 0730;
				LastUpgradeCheck = 0730;
				ORGANIZATIONNAME = Mimicatcodes;
				TargetAttributes = {
					DD4220971D883BD0005157CE = {
						CreatedOnToolsVersion = 7.3.1;
					};
				};
			};
			buildConfigurationList = DD4220931D883BD0005157CE /* Build configuration list for PBXProject "diceRollReview" */;
			compatibilityVersion = "Xcode 3.2";
			developmentRegion = English;
			hasScannedForEncodings = 0;
			knownRegions = (
				en,
				Base,
			);
			mainGroup = DD42208F1D883BD0005157CE;
			productRefGroup = DD4220991D883BD0005157CE /* Products */;
			projectDirPath = "";
			projectRoot = "";
			targets = (
				DD4220971D883BD0005157CE /* diceRollReview */,
			);
		};
/* End PBXProject section */

/* Begin PBXResourcesBuildPhase section */
		DD4220961D883BD0005157CE /* Resources */ = {
			isa = PBXResourcesBuildPhase;
			buildActionMask = 2147483647;
			files = (
				DD4220A61D883BD0005157CE /* LaunchScreen.storyboard in Resources */,
				DD4220A31D883BD0005157CE /* Assets.xcassets in Resources */,
				DD4220A11D883BD0005157CE /* Main.storyboard in Resources */,
			);
			runOnlyForDeploymentPostprocessing = 0;
		};
/* End PBXResourcesBuildPhase section */

/* Begin PBXSourcesBuildPhase section */
		DD4220941D883BD0005157CE /* Sources */ = {
			isa = PBXSourcesBuildPhase;
			buildActionMask = 2147483647;
			files = (
				DD42209E1D883BD0005157CE /* ViewController.swift in Sources */,
				DD42209C1D883BD0005157CE /* AppDelegate.swift in Sources */,
			);
			runOnlyForDeploymentPostprocessing = 0;
		};
/* End PBXSourcesBuildPhase section */

/* Begin PBXVariantGroup section */
		DD42209F1D883BD0005157CE /* Main.storyboard */ = {
			isa = PBXVariantGroup;
			children = (
				DD4220A01D883BD0005157CE /* Base */,
			);
			name = Main.storyboard;
			sourceTree = "<group>";
		};
		DD4220A41D883BD0005157CE /* LaunchScreen.storyboard */ = {
			isa = PBXVariantGroup;
			children = (
				DD4220A51D883BD0005157CE /* Base */,
			);
			name = LaunchScreen.storyboard;
			sourceTree = "<group>";
		};
/* End PBXVariantGroup section */

/* Begin XCBuildConfiguration section */
		DD4220A81D883BD0005157CE /* Debug */ = {
			isa = XCBuildConfiguration;
			buildSettings = {
				ALWAYS_SEARCH_USER_PATHS = NO;
				CLANG_ANALYZER_NONNULL = YES;
				CLANG_CXX_LANGUAGE_STANDARD = "gnu++0x";
				CLANG_CXX_LIBRARY = "libc++";
				CLANG_ENABLE_MODULES = YES;
				CLANG_ENABLE_OBJC_ARC = YES;
				CLANG_WARN_BOOL_CONVERSION = YES;
				CLANG_WARN_CONSTANT_CONVERSION = YES;
				CLANG_WARN_DIRECT_OBJC_ISA_USAGE = YES_ERROR;
				CLANG_WARN_EMPTY_BODY = YES;
				CLANG_WARN_ENUM_CONVERSION = YES;
				CLANG_WARN_INT_CONVERSION = YES;
				CLANG_WARN_OBJC_ROOT_CLASS = YES_ERROR;
				CLANG_WARN_UNREACHABLE_CODE = YES;
				CLANG_WARN__DUPLICATE_METHOD_MATCH = YES;
				"CODE_SIGN_IDENTITY[sdk=iphoneos*]" = "iPhone Developer";
				COPY_PHASE_STRIP = NO;
				DEBUG_INFORMATION_FORMAT = dwarf;
				ENABLE_STRICT_OBJC_MSGSEND = YES;
				ENABLE_TESTABILITY = YES;
				GCC_C_LANGUAGE_STANDARD = gnu99;
				GCC_DYNAMIC_NO_PIC = NO;
				GCC_NO_COMMON_BLOCKS = YES;
				GCC_OPTIMIZATION_LEVEL = 0;
				GCC_PREPROCESSOR_DEFINITIONS = (
					"DEBUG=1",
					"$(inherited)",
				);
				GCC_WARN_64_TO_32_BIT_CONVERSION = YES;
				GCC_WARN_ABOUT_RETURN_TYPE = YES_ERROR;
				GCC_WARN_UNDECLARED_SELECTOR = YES;
				GCC_WARN_UNINITIALIZED_AUTOS = YES_AGGRESSIVE;
				GCC_WARN_UNUSED_FUNCTION = YES;
				GCC_WARN_UNUSED_VARIABLE = YES;
				IPHONEOS_DEPLOYMENT_TARGET = 9.3;
				MTL_ENABLE_DEBUG_INFO = YES;
				ONLY_ACTIVE_ARCH = YES;
				SDKROOT = iphoneos;
				SWIFT_OPTIMIZATION_LEVEL = "-Onone";
			};
			name = Debug;
		};
		DD4220A91D883BD0005157CE /* Release */ = {
			isa = XCBuildConfiguration;
			buildSettings = {
				ALWAYS_SEARCH_USER_PATHS = NO;
				CLANG_ANALYZER_NONNULL = YES;
				CLANG_CXX_LANGUAGE_STANDARD = "gnu++0x";
				CLANG_CXX_LIBRARY = "libc++";
				CLANG_ENABLE_MODULES = YES;
				CLANG_ENABLE_OBJC_ARC = YES;
				CLANG_WARN_BOOL_CONVERSION = YES;
				CLANG_WARN_CONSTANT_CONVERSION = YES;
				CLANG_WARN_DIRECT_OBJC_ISA_USAGE = YES_ERROR;
				CLANG_WARN_EMPTY_BODY = YES;
				CLANG_WARN_ENUM_CONVERSION = YES;
				CLANG_WARN_INT_CONVERSION = YES;
				CLANG_WARN_OBJC_ROOT_CLASS = YES_ERROR;
				CLANG_WARN_UNREACHABLE_CODE = YES;
				CLANG_WARN__DUPLICATE_METHOD_MATCH = YES;
				"CODE_SIGN_IDENTITY[sdk=iphoneos*]" = "iPhone Developer";
				COPY_PHASE_STRIP = NO;
				DEBUG_INFORMATION_FORMAT = "dwarf-with-dsym";
				ENABLE_NS_ASSERTIONS = NO;
				ENABLE_STRICT_OBJC_MSGSEND = YES;
				GCC_C_LANGUAGE_STANDARD = gnu99;
				GCC_NO_COMMON_BLOCKS = YES;
				GCC_WARN_64_TO_32_BIT_CONVERSION = YES;
				GCC_WARN_ABOUT_RETURN_TYPE = YES_ERROR;
				GCC_WARN_UNDECLARED_SELECTOR = YES;
				GCC_WARN_UNINITIALIZED_AUTOS = YES_AGGRESSIVE;
				GCC_WARN_UNUSED_FUNCTION = YES;
				GCC_WARN_UNUSED_VARIABLE = YES;
				IPHONEOS_DEPLOYMENT_TARGET = 9.3;
				MTL_ENABLE_DEBUG_INFO = NO;
				SDKROOT = iphoneos;
				VALIDATE_PRODUCT = YES;
			};
			name = Release;
		};
		DD4220AB1D883BD0005157CE /* Debug */ = {
			isa = XCBuildConfiguration;
			buildSettings = {
				ASSETCATALOG_COMPILER_APPICON_NAME = AppIcon;
				INFOPLIST_FILE = diceRollReview/Info.plist;
				LD_RUNPATH_SEARCH_PATHS = "$(inherited) @executable_path/Frameworks";
				PRODUCT_BUNDLE_IDENTIFIER = com.mimicatcodes.diceRollReview;
				PRODUCT_NAME = "$(TARGET_NAME)";
			};
			name = Debug;
		};
		DD4220AC1D883BD0005157CE /* Release */ = {
			isa = XCBuildConfiguration;
			buildSettings = {
				ASSETCATALOG_COMPILER_APPICON_NAME = AppIcon;
				INFOPLIST_FILE = diceRollReview/Info.plist;
				LD_RUNPATH_SEARCH_PATHS = "$(inherited) @executable_path/Frameworks";
				PRODUCT_BUNDLE_IDENTIFIER = com.mimicatcodes.diceRollReview;
				PRODUCT_NAME = "$(TARGET_NAME)";
			};
			name = Release;
		};
/* End XCBuildConfiguration section */

/* Begin XCConfigurationList section */
		DD4220931D883BD0005157CE /* Build configuration list for PBXProject "diceRollReview" */ = {
			isa = XCConfigurationList;
			buildConfigurations = (
				DD4220A81D883BD0005157CE /* Debug */,
				DD4220A91D883BD0005157CE /* Release */,
			);
			defaultConfigurationIsVisible = 0;
			defaultConfigurationName = Release;
		};
		DD4220AA1D883BD0005157CE /* Build configuration list for PBXNativeTarget "diceRollReview" */ = {
			isa = XCConfigurationList;
			buildConfigurations = (
				DD4220AB1D883BD0005157CE /* Debug */,
				DD4220AC1D883BD0005157CE /* Release */,
			);
			defaultConfigurationIsVisible = 0;
		};
/* End XCConfigurationList section */
	};
	rootObject = DD4220901D883BD0005157CE /* Project object */;
}
